
Microsoft Visual Studio Solution File, Format Version 12.00
# Visual Studio 15
VisualStudioVersion = 15.0.27130.2027
MinimumVisualStudioVersion = 10.0.40219.1
Project("{FAE04EC0-301F-11D3-BF4B-00C04F79EFBC}") = "slallalal", "slallalal\slallalal.csproj", "{E4EF3022-2112-4B26-AC06-D8FD6AF0AD6B}"
EndProject
Global
	GlobalSection(SolutionConfigurationPlatforms) = preSolution
		Debug|Any CPU = Debug|Any CPU
		Release|Any CPU = Release|Any CPU
	EndGlobalSection
	GlobalSection(ProjectConfigurationPlatforms) = postSolution
		{E4EF3022-2112-4B26-AC06-D8FD6AF0AD6B}.Debug|Any CPU.ActiveCfg = Debug|Any CPU
		{E4EF3022-2112-4B26-AC06-D8FD6AF0AD6B}.Debug|Any CPU.Build.0 = Debug|Any CPU
		{E4EF3022-2112-4B26-AC06-D8FD6AF0AD6B}.Release|Any CPU.ActiveCfg = Release|Any CPU
		{E4EF3022-2112-4B26-AC06-D8FD6AF0AD6B}.Release|Any CPU.Build.0 = Release|Any CPU
	EndGlobalSection
	GlobalSection(SolutionProperties) = preSolution
		HideSolutionNode = FALSE
	EndGlobalSection
	GlobalSection(ExtensibilityGlobals) = postSolution
		SolutionGuid = {1657C6B8-DB86-4EA8-BEE8-E4850AFC636D}
	EndGlobalSection
EndGlobal
